
Microsoft Visual Studio Solution File, Format Version 12.00
# Visual Studio 15
Project("{FAE04EC0-301F-11D3-BF4B-00C04F79EFBC}") = "SampleCountryList", "SampleCountryList\SampleCountryList.csproj", "{64ECC82F-8F01-4358-AB74-A9348EC6F69F}"
EndProject
Global
	GlobalSection(SolutionConfigurationPlatforms) = preSolution
		Debug|iPhoneSimulator = Debug|iPhoneSimulator
		Release|iPhoneSimulator = Release|iPhoneSimulator
		Debug|iPhone = Debug|iPhone
		Release|iPhone = Release|iPhone
	EndGlobalSection
	GlobalSection(ProjectConfigurationPlatforms) = postSolution
		{64ECC82F-8F01-4358-AB74-A9348EC6F69F}.Debug|iPhoneSimulator.ActiveCfg = Debug|iPhoneSimulator
		{64ECC82F-8F01-4358-AB74-A9348EC6F69F}.Debug|iPhoneSimulator.Build.0 = Debug|iPhoneSimulator
		{64ECC82F-8F01-4358-AB74-A9348EC6F69F}.Release|iPhoneSimulator.ActiveCfg = Release|iPhoneSimulator
		{64ECC82F-8F01-4358-AB74-A9348EC6F69F}.Release|iPhoneSimulator.Build.0 = Release|iPhoneSimulator
		{64ECC82F-8F01-4358-AB74-A9348EC6F69F}.Debug|iPhone.ActiveCfg = Debug|iPhone
		{64ECC82F-8F01-4358-AB74-A9348EC6F69F}.Debug|iPhone.Build.0 = Debug|iPhone
		{64ECC82F-8F01-4358-AB74-A9348EC6F69F}.Release|iPhone.ActiveCfg = Release|iPhone
		{64ECC82F-8F01-4358-AB74-A9348EC6F69F}.Release|iPhone.Build.0 = Release|iPhone
	EndGlobalSection
EndGlobal
